
Microsoft Visual Studio Solution File, Format Version 12.00
# Visual Studio 14
VisualStudioVersion = 14.0.23107.0
MinimumVisualStudioVersion = 10.0.40219.1
Project("{FAE04EC0-301F-11D3-BF4B-00C04F79EFBC}") = "Car Reparation Trarcker", "Car Reparation Trarcker\Car Reparation Trarcker.csproj", "{34BEA962-3569-4402-9643-7FFEC3CAED98}"
EndProject
Project("{FAE04EC0-301F-11D3-BF4B-00C04F79EFBC}") = "Models", "ClassLibrary1\Models.csproj", "{61871583-0898-4B1D-877A-C6F1A230950D}"
EndProject
Project("{FAE04EC0-301F-11D3-BF4B-00C04F79EFBC}") = "Data", "Data\Data.csproj", "{3E5D6723-FD60-4276-A1C4-228AA550BA50}"
EndProject
Project("{FAE04EC0-301F-11D3-BF4B-00C04F79EFBC}") = "DataAccess", "DataAccess\DataAccess.csproj", "{F5FCE23F-0051-4D96-B9D1-1A75953BD921}"
EndProject
Project("{FAE04EC0-301F-11D3-BF4B-00C04F79EFBC}") = "Business", "Business\Business.csproj", "{62AC0A27-4604-4E1F-9176-68783B96E5C9}"
EndProject
Global
	GlobalSection(SolutionConfigurationPlatforms) = preSolution
		Debug|Any CPU = Debug|Any CPU
		Release|Any CPU = Release|Any CPU
	EndGlobalSection
	GlobalSection(ProjectConfigurationPlatforms) = postSolution
		{34BEA962-3569-4402-9643-7FFEC3CAED98}.Debug|Any CPU.ActiveCfg = Debug|Any CPU
		{34BEA962-3569-4402-9643-7FFEC3CAED98}.Debug|Any CPU.Build.0 = Debug|Any CPU
		{34BEA962-3569-4402-9643-7FFEC3CAED98}.Release|Any CPU.ActiveCfg = Release|Any CPU
		{34BEA962-3569-4402-9643-7FFEC3CAED98}.Release|Any CPU.Build.0 = Release|Any CPU
		{61871583-0898-4B1D-877A-C6F1A230950D}.Debug|Any CPU.ActiveCfg = Debug|Any CPU
		{61871583-0898-4B1D-877A-C6F1A230950D}.Debug|Any CPU.Build.0 = Debug|Any CPU
		{61871583-0898-4B1D-877A-C6F1A230950D}.Release|Any CPU.ActiveCfg = Release|Any CPU
		{61871583-0898-4B1D-877A-C6F1A230950D}.Release|Any CPU.Build.0 = Release|Any CPU
		{3E5D6723-FD60-4276-A1C4-228AA550BA50}.Debug|Any CPU.ActiveCfg = Debug|Any CPU
		{3E5D6723-FD60-4276-A1C4-228AA550BA50}.Debug|Any CPU.Build.0 = Debug|Any CPU
		{3E5D6723-FD60-4276-A1C4-228AA550BA50}.Release|Any CPU.ActiveCfg = Release|Any CPU
		{3E5D6723-FD60-4276-A1C4-228AA550BA50}.Release|Any CPU.Build.0 = Release|Any CPU
		{F5FCE23F-0051-4D96-B9D1-1A75953BD921}.Debug|Any CPU.ActiveCfg = Debug|Any CPU
		{F5FCE23F-0051-4D96-B9D1-1A75953BD921}.Debug|Any CPU.Build.0 = Debug|Any CPU
		{F5FCE23F-0051-4D96-B9D1-1A75953BD921}.Release|Any CPU.ActiveCfg = Release|Any CPU
		{F5FCE23F-0051-4D96-B9D1-1A75953BD921}.Release|Any CPU.Build.0 = Release|Any CPU
		{62AC0A27-4604-4E1F-9176-68783B96E5C9}.Debug|Any CPU.ActiveCfg = Debug|Any CPU
		{62AC0A27-4604-4E1F-9176-68783B96E5C9}.Debug|Any CPU.Build.0 = Debug|Any CPU
		{62AC0A27-4604-4E1F-9176-68783B96E5C9}.Release|Any CPU.ActiveCfg = Release|Any CPU
		{62AC0A27-4604-4E1F-9176-68783B96E5C9}.Release|Any CPU.Build.0 = Release|Any CPU
	EndGlobalSection
	GlobalSection(SolutionProperties) = preSolution
		HideSolutionNode = FALSE
	EndGlobalSection
EndGlobal
